
Microsoft Visual Studio Solution File, Format Version 12.00
# Visual Studio Version 17
VisualStudioVersion = 17.0.31903.59
MinimumVisualStudioVersion = 10.0.40219.1
Project("{FAE04EC0-301F-11D3-BF4B-00C04F79EFBC}") = "KSF-Integration.API", "KSF-Integration.API\KSF-Integration.API.csproj", "{0F0A1F57-7FA8-4AB7-813D-F18F5BD5C7EB}"
EndProject
Project("{FAE04EC0-301F-11D3-BF4B-00C04F79EFBC}") = "KSF-Integration.Models", "KSF_Integration.Models\KSF-Integration.Models.csproj", "{852C8DC7-97D6-4401-AD1F-C2225310EDBB}"
EndProject
Global
	GlobalSection(SolutionConfigurationPlatforms) = preSolution
		Debug|Any CPU = Debug|Any CPU
		Release|Any CPU = Release|Any CPU
	EndGlobalSection
	GlobalSection(ProjectConfigurationPlatforms) = postSolution
		{0F0A1F57-7FA8-4AB7-813D-F18F5BD5C7EB}.Debug|Any CPU.ActiveCfg = Debug|Any CPU
		{0F0A1F57-7FA8-4AB7-813D-F18F5BD5C7EB}.Debug|Any CPU.Build.0 = Debug|Any CPU
		{0F0A1F57-7FA8-4AB7-813D-F18F5BD5C7EB}.Release|Any CPU.ActiveCfg = Release|Any CPU
		{0F0A1F57-7FA8-4AB7-813D-F18F5BD5C7EB}.Release|Any CPU.Build.0 = Release|Any CPU
		{852C8DC7-97D6-4401-AD1F-C2225310EDBB}.Debug|Any CPU.ActiveCfg = Debug|Any CPU
		{852C8DC7-97D6-4401-AD1F-C2225310EDBB}.Debug|Any CPU.Build.0 = Debug|Any CPU
		{852C8DC7-97D6-4401-AD1F-C2225310EDBB}.Release|Any CPU.ActiveCfg = Release|Any CPU
		{852C8DC7-97D6-4401-AD1F-C2225310EDBB}.Release|Any CPU.Build.0 = Release|Any CPU
	EndGlobalSection
	GlobalSection(SolutionProperties) = preSolution
		HideSolutionNode = FALSE
	EndGlobalSection
EndGlobal
